
Microsoft Visual Studio Solution File, Format Version 12.00
# Visual Studio Version 17
VisualStudioVersion = 17.14.36414.22 d17.14
MinimumVisualStudioVersion = 10.0.40219.1
Project("{FAE04EC0-301F-11D3-BF4B-00C04F79EFBC}") = "BankAPI", "BankAPI\BankAPI.csproj", "{11AE49AC-BD05-4A69-B23A-2177F7125C81}"
EndProject
Global
	GlobalSection(SolutionConfigurationPlatforms) = preSolution
		Debug|Any CPU = Debug|Any CPU
		Release|Any CPU = Release|Any CPU
	EndGlobalSection
	GlobalSection(ProjectConfigurationPlatforms) = postSolution
		{11AE49AC-BD05-4A69-B23A-2177F7125C81}.Debug|Any CPU.ActiveCfg = Debug|Any CPU
		{11AE49AC-BD05-4A69-B23A-2177F7125C81}.Debug|Any CPU.Build.0 = Debug|Any CPU
		{11AE49AC-BD05-4A69-B23A-2177F7125C81}.Release|Any CPU.ActiveCfg = Release|Any CPU
		{11AE49AC-BD05-4A69-B23A-2177F7125C81}.Release|Any CPU.Build.0 = Release|Any CPU
	EndGlobalSection
	GlobalSection(SolutionProperties) = preSolution
		HideSolutionNode = FALSE
	EndGlobalSection
	GlobalSection(ExtensibilityGlobals) = postSolution
		SolutionGuid = {C80C1BED-BFA9-4AA8-ABA6-BD63E6BD5827}
	EndGlobalSection
EndGlobal
